// !$*UTF8*$!
{
	archiveVersion = 1;
	classes = {
	};
	objectVersion = 46;
	objects = {

/* Begin PBXBuildFile section */
		5C7A8EDA1D30F0B300A82719 /* main.m in Sources */ = {isa = PBXBuildFile; fileRef = 5C7A8ED91D30F0B300A82719 /* main.m */; };
		5C7A8EDD1D30F0B300A82719 /* AppDelegate.m in Sources */ = {isa = PBXBuildFile; fileRef = 5C7A8EDC1D30F0B300A82719 /* AppDelegate.m */; };
		5C7A8EE01D30F0B300A82719 /* ViewController.m in Sources */ = {isa = PBXBuildFile; fileRef = 5C7A8EDF1D30F0B300A82719 /* ViewController.m */; };
		5C7A8EE31D30F0B300A82719 /* Main.storyboard in Resources */ = {isa = PBXBuildFile; fileRef = 5C7A8EE11D30F0B300A82719 /* Main.storyboard */; };
		5C7A8EE51D30F0B300A82719 /* Assets.xcassets in Resources */ = {isa = PBXBuildFile; fileRef = 5C7A8EE41D30F0B300A82719 /* Assets.xcassets */; };
		5C7A8EE81D30F0B300A82719 /* LaunchScreen.storyboard in Resources */ = {isa = PBXBuildFile; fileRef = 5C7A8EE61D30F0B300A82719 /* LaunchScreen.storyboard */; };
		5C7A8EF21D30F32800A82719 /* MXSoundVibrateUtils.m in Sources */ = {isa = PBXBuildFile; fileRef = 5C7A8EF11D30F32800A82719 /* MXSoundVibrateUtils.m */; };
/* End PBXBuildFile section */

/* Begin PBXFileReference section */
		5C7A8ED51D30F0B200A82719 /* MXSoundVibrateUtils-Demo.app */ = {isa = PBXFileReference; explicitFileType = wrapper.application; includeInIndex = 0; path = "MXSoundVibrateUtils-Demo.app"; sourceTree = BUILT_PRODUCTS_DIR; };
		5C7A8ED91D30F0B300A82719 /* main.m */ = {isa = PBXFileReference; lastKnownFileType = sourcecode.c.objc; path = main.m; sourceTree = "<group>"; };
		5C7A8EDB1D30F0B300A82719 /* AppDelegate.h */ = {isa = PBXFileReference; lastKnownFileType = sourcecode.c.h; path = AppDelegate.h; sourceTree = "<group>"; };
		5C7A8EDC1D30F0B300A82719 /* AppDelegate.m */ = {isa = PBXFileReference; lastKnownFileType = sourcecode.c.objc; path = AppDelegate.m; sourceTree = "<group>"; };
		5C7A8EDE1D30F0B300A82719 /* ViewController.h */ = {isa = PBXFileReference; lastKnownFileType = sourcecode.c.h; path = ViewController.h; sourceTree = "<group>"; };
		5C7A8EDF1D30F0B300A82719 /* ViewController.m */ = {isa = PBXFileReference; lastKnownFileType = sourcecode.c.objc; path = ViewController.m; sourceTree = "<group>"; };
		5C7A8EE21D30F0B300A82719 /* Base */ = {isa = PBXFileReference; lastKnownFileType = file.storyboard; name = Base; path = Base.lproj/Main.storyboard; sourceTree = "<group>"; };
		5C7A8EE41D30F0B300A82719 /* Assets.xcassets */ = {isa = PBXFileReference; lastKnownFileType = folder.assetcatalog; path = Assets.xcassets; sourceTree = "<group>"; };
		5C7A8EE71D30F0B300A82719 /* Base */ = {isa = PBXFileReference; lastKnownFileType = file.storyboard; name = Base; path = Base.lproj/LaunchScreen.storyboard; sourceTree = "<group>"; };
		5C7A8EE91D30F0B300A82719 /* Info.plist */ = {isa = PBXFileReference; lastKnownFileType = text.plist.xml; path = Info.plist; sourceTree = "<group>"; };
		5C7A8EF01D30F32800A82719 /* MXSoundVibrateUtils.h */ = {isa = PBXFileReference; fileEncoding = 4; lastKnownFileType = sourcecode.c.h; path = MXSoundVibrateUtils.h; sourceTree = "<group>"; };
		5C7A8EF11D30F32800A82719 /* MXSoundVibrateUtils.m */ = {isa = PBXFileReference; fileEncoding = 4; lastKnownFileType = sourcecode.c.objc; path = MXSoundVibrateUtils.m; sourceTree = "<group>"; };
/* End PBXFileReference section */

/* Begin PBXFrameworksBuildPhase section */
		5C7A8ED21D30F0B200A82719 /* Frameworks */ = {
			isa = PBXFrameworksBuildPhase;
			buildActionMask = 2147483647;
			files = (
			);
			runOnlyForDeploymentPostprocessing = 0;
		};
/* End PBXFrameworksBuildPhase section */

/* Begin PBXGroup section */
		5C7A8ECC1D30F0B200A82719 = {
			isa = PBXGroup;
			children = (
				5C7A8ED71D30F0B300A82719 /* MXSoundVibrateUtils-Demo */,
				5C7A8ED61D30F0B200A82719 /* Products */,
			);
			sourceTree = "<group>";
		};
		5C7A8ED61D30F0B200A82719 /* Products */ = {
			isa = PBXGroup;
			children = (
				5C7A8ED51D30F0B200A82719 /* MXSoundVibrateUtils-Demo.app */,
			);
			name = Products;
			sourceTree = "<group>";
		};
		5C7A8ED71D30F0B300A82719 /* MXSoundVibrateUtils-Demo */ = {
			isa = PBXGroup;
			children = (
				5C7A8EEF1D30F32800A82719 /* MXSoundVibrateUtils */,
				5C7A8EDB1D30F0B300A82719 /* AppDelegate.h */,
				5C7A8EDC1D30F0B300A82719 /* AppDelegate.m */,
				5C7A8EDE1D30F0B300A82719 /* ViewController.h */,
				5C7A8EDF1D30F0B300A82719 /* ViewController.m */,
				5C7A8EE11D30F0B300A82719 /* Main.storyboard */,
				5C7A8EE41D30F0B300A82719 /* Assets.xcassets */,
				5C7A8EE61D30F0B300A82719 /* LaunchScreen.storyboard */,
				5C7A8EE91D30F0B300A82719 /* Info.plist */,
				5C7A8ED81D30F0B300A82719 /* Supporting Files */,
			);
			path = "MXSoundVibrateUtils-Demo";
			sourceTree = "<group>";
		};
		5C7A8ED81D30F0B300A82719 /* Supporting Files */ = {
			isa = PBXGroup;
			children = (
				5C7A8ED91D30F0B300A82719 /* main.m */,
			);
			name = "Supporting Files";
			sourceTree = "<group>";
		};
		5C7A8EEF1D30F32800A82719 /* MXSoundVibrateUtils */ = {
			isa = PBXGroup;
			children = (
				5C7A8EF01D30F32800A82719 /* MXSoundVibrateUtils.h */,
				5C7A8EF11D30F32800A82719 /* MXSoundVibrateUtils.m */,
			);
			name = MXSoundVibrateUtils;
			path = ../../MXSoundVibrateUtils;
			sourceTree = "<group>";
		};
/* End PBXGroup section */

/* Begin PBXNativeTarget section */
		5C7A8ED41D30F0B200A82719 /* MXSoundVibrateUtils-Demo */ = {
			isa = PBXNativeTarget;
			buildConfigurationList = 5C7A8EEC1D30F0B300A82719 /* Build configuration list for PBXNativeTarget "MXSoundVibrateUtils-Demo" */;
			buildPhases = (
				5C7A8ED11D30F0B200A82719 /* Sources */,
				5C7A8ED21D30F0B200A82719 /* Frameworks */,
				5C7A8ED31D30F0B200A82719 /* Resources */,
			);
			buildRules = (
			);
			dependencies = (
			);
			name = "MXSoundVibrateUtils-Demo";
			productName = "MXSoundVibrateUtils-Demo";
			productReference = 5C7A8ED51D30F0B200A82719 /* MXSoundVibrateUtils-Demo.app */;
			productType = "com.apple.product-type.application";
		};
/* End PBXNativeTarget section */

/* Begin PBXProject section */
		5C7A8ECD1D30F0B200A82719 /* Project object */ = {
			isa = PBXProject;
			attributes = {
				LastUpgradeCheck = 0730;
				ORGANIZATIONNAME = Meniny;
				TargetAttributes = {
					5C7A8ED41D30F0B200A82719 = {
						CreatedOnToolsVersion = 7.3.1;
					};
				};
			};
			buildConfigurationList = 5C7A8ED01D30F0B200A82719 /* Build configuration list for PBXProject "MXSoundVibrateUtils-Demo" */;
			compatibilityVersion = "Xcode 3.2";
			developmentRegion = English;
			hasScannedForEncodings = 0;
			knownRegions = (
				en,
				Base,
			);
			mainGroup = 5C7A8ECC1D30F0B200A82719;
			productRefGroup = 5C7A8ED61D30F0B200A82719 /* Products */;
			projectDirPath = "";
			projectRoot = "";
			targets = (
				5C7A8ED41D30F0B200A82719 /* MXSoundVibrateUtils-Demo */,
			);
		};
/* End PBXProject section */

/* Begin PBXResourcesBuildPhase section */
		5C7A8ED31D30F0B200A82719 /* Resources */ = {
			isa = PBXResourcesBuildPhase;
			buildActionMask = 2147483647;
			files = (
				5C7A8EE81D30F0B300A82719 /* LaunchScreen.storyboard in Resources */,
				5C7A8EE51D30F0B300A82719 /* Assets.xcassets in Resources */,
				5C7A8EE31D30F0B300A82719 /* Main.storyboard in Resources */,
			);
			runOnlyForDeploymentPostprocessing = 0;
		};
/* End PBXResourcesBuildPhase section */

/* Begin PBXSourcesBuildPhase section */
		5C7A8ED11D30F0B200A82719 /* Sources */ = {
			isa = PBXSourcesBuildPhase;
			buildActionMask = 2147483647;
			files = (
				5C7A8EF21D30F32800A82719 /* MXSoundVibrateUtils.m in Sources */,
				5C7A8EE01D30F0B300A82719 /* ViewController.m in Sources */,
				5C7A8EDD1D30F0B300A82719 /* AppDelegate.m in Sources */,
				5C7A8EDA1D30F0B300A82719 /* main.m in Sources */,
			);
			runOnlyForDeploymentPostprocessing = 0;
		};
/* End PBXSourcesBuildPhase section */

/* Begin PBXVariantGroup section */
		5C7A8EE11D30F0B300A82719 /* Main.storyboard */ = {
			isa = PBXVariantGroup;
			children = (
				5C7A8EE21D30F0B300A82719 /* Base */,
			);
			name = Main.storyboard;
			sourceTree = "<group>";
		};
		5C7A8EE61D30F0B300A82719 /* LaunchScreen.storyboard */ = {
			isa = PBXVariantGroup;
			children = (
				5C7A8EE71D30F0B300A82719 /* Base */,
			);
			name = LaunchScreen.storyboard;
			sourceTree = "<group>";
		};
/* End PBXVariantGroup section */

/* Begin XCBuildConfiguration section */
		5C7A8EEA1D30F0B300A82719 /* Debug */ = {
			isa = XCBuildConfiguration;
			buildSettings = {
				ALWAYS_SEARCH_USER_PATHS = NO;
				CLANG_ANALYZER_NONNULL = YES;
				CLANG_CXX_LANGUAGE_STANDARD = "gnu++0x";
				CLANG_CXX_LIBRARY = "libc++";
				CLANG_ENABLE_MODULES = YES;
				CLANG_ENABLE_OBJC_ARC = YES;
				CLANG_WARN_BOOL_CONVERSION = YES;
				CLANG_WARN_CONSTANT_CONVERSION = YES;
				CLANG_WARN_DIRECT_OBJC_ISA_USAGE = YES_ERROR;
				CLANG_WARN_EMPTY_BODY = YES;
				CLANG_WARN_ENUM_CONVERSION = YES;
				CLANG_WARN_INT_CONVERSION = YES;
				CLANG_WARN_OBJC_ROOT_CLASS = YES_ERROR;
				CLANG_WARN_UNREACHABLE_CODE = YES;
				CLANG_WARN__DUPLICATE_METHOD_MATCH = YES;
				"CODE_SIGN_IDENTITY[sdk=iphoneos*]" = "iPhone Developer";
				COPY_PHASE_STRIP = NO;
				DEBUG_INFORMATION_FORMAT = dwarf;
				ENABLE_STRICT_OBJC_MSGSEND = YES;
				ENABLE_TESTABILITY = YES;
				GCC_C_LANGUAGE_STANDARD = gnu99;
				GCC_DYNAMIC_NO_PIC = NO;
				GCC_NO_COMMON_BLOCKS = YES;
				GCC_OPTIMIZATION_LEVEL = 0;
				GCC_PREPROCESSOR_DEFINITIONS = (
					"DEBUG=1",
					"$(inherited)",
				);
				GCC_WARN_64_TO_32_BIT_CONVERSION = YES;
				GCC_WARN_ABOUT_RETURN_TYPE = YES_ERROR;
				GCC_WARN_UNDECLARED_SELECTOR = YES;
				GCC_WARN_UNINITIALIZED_AUTOS = YES_AGGRESSIVE;
				GCC_WARN_UNUSED_FUNCTION = YES;
				GCC_WARN_UNUSED_VARIABLE = YES;
				IPHONEOS_DEPLOYMENT_TARGET = 9.3;
				MTL_ENABLE_DEBUG_INFO = YES;
				ONLY_ACTIVE_ARCH = YES;
				SDKROOT = iphoneos;
				TARGETED_DEVICE_FAMILY = "1,2";
			};
			name = Debug;
		};
		5C7A8EEB1D30F0B300A82719 /* Release */ = {
			isa = XCBuildConfiguration;
			buildSettings = {
				ALWAYS_SEARCH_USER_PATHS = NO;
				CLANG_ANALYZER_NONNULL = YES;
				CLANG_CXX_LANGUAGE_STANDARD = "gnu++0x";
				CLANG_CXX_LIBRARY = "libc++";
				CLANG_ENABLE_MODULES = YES;
				CLANG_ENABLE_OBJC_ARC = YES;
				CLANG_WARN_BOOL_CONVERSION = YES;
				CLANG_WARN_CONSTANT_CONVERSION = YES;
				CLANG_WARN_DIRECT_OBJC_ISA_USAGE = YES_ERROR;
				CLANG_WARN_EMPTY_BODY = YES;
				CLANG_WARN_ENUM_CONVERSION = YES;
				CLANG_WARN_INT_CONVERSION = YES;
				CLANG_WARN_OBJC_ROOT_CLASS = YES_ERROR;
				CLANG_WARN_UNREACHABLE_CODE = YES;
				CLANG_WARN__DUPLICATE_METHOD_MATCH = YES;
				"CODE_SIGN_IDENTITY[sdk=iphoneos*]" = "iPhone Developer";
				COPY_PHASE_STRIP = NO;
				DEBUG_INFORMATION_FORMAT = "dwarf-with-dsym";
				ENABLE_NS_ASSERTIONS = NO;
				ENABLE_STRICT_OBJC_MSGSEND = YES;
				GCC_C_LANGUAGE_STANDARD = gnu99;
				GCC_NO_COMMON_BLOCKS = YES;
				GCC_WARN_64_TO_32_BIT_CONVERSION = YES;
				GCC_WARN_ABOUT_RETURN_TYPE = YES_ERROR;
				GCC_WARN_UNDECLARED_SELECTOR = YES;
				GCC_WARN_UNINITIALIZED_AUTOS = YES_AGGRESSIVE;
				GCC_WARN_UNUSED_FUNCTION = YES;
				GCC_WARN_UNUSED_VARIABLE = YES;
				IPHONEOS_DEPLOYMENT_TARGET = 9.3;
				MTL_ENABLE_DEBUG_INFO = NO;
				SDKROOT = iphoneos;
				TARGETED_DEVICE_FAMILY = "1,2";
				VALIDATE_PRODUCT = YES;
			};
			name = Release;
		};
		5C7A8EED1D30F0B300A82719 /* Debug */ = {
			isa = XCBuildConfiguration;
			buildSettings = {
				ASSETCATALOG_COMPILER_APPICON_NAME = AppIcon;
				INFOPLIST_FILE = "MXSoundVibrateUtils-Demo/Info.plist";
				LD_RUNPATH_SEARCH_PATHS = "$(inherited) @executable_path/Frameworks";
				PRODUCT_BUNDLE_IDENTIFIER = "cn.meniny.MXSoundVibrateUtils-Demo";
				PRODUCT_NAME = "$(TARGET_NAME)";
			};
			name = Debug;
		};
		5C7A8EEE1D30F0B300A82719 /* Release */ = {
			isa = XCBuildConfiguration;
			buildSettings = {
				ASSETCATALOG_COMPILER_APPICON_NAME = AppIcon;
				INFOPLIST_FILE = "MXSoundVibrateUtils-Demo/Info.plist";
				LD_RUNPATH_SEARCH_PATHS = "$(inherited) @executable_path/Frameworks";
				PRODUCT_BUNDLE_IDENTIFIER = "cn.meniny.MXSoundVibrateUtils-Demo";
				PRODUCT_NAME = "$(TARGET_NAME)";
			};
			name = Release;
		};
/* End XCBuildConfiguration section */

/* Begin XCConfigurationList section */
		5C7A8ED01D30F0B200A82719 /* Build configuration list for PBXProject "MXSoundVibrateUtils-Demo" */ = {
			isa = XCConfigurationList;
			buildConfigurations = (
				5C7A8EEA1D30F0B300A82719 /* Debug */,
				5C7A8EEB1D30F0B300A82719 /* Release */,
			);
			defaultConfigurationIsVisible = 0;
			defaultConfigurationName = Release;
		};
		5C7A8EEC1D30F0B300A82719 /* Build configuration list for PBXNativeTarget "MXSoundVibrateUtils-Demo" */ = {
			isa = XCConfigurationList;
			buildConfigurations = (
				5C7A8EED1D30F0B300A82719 /* Debug */,
				5C7A8EEE1D30F0B300A82719 /* Release */,
			);
			defaultConfigurationIsVisible = 0;
		};
/* End XCConfigurationList section */
	};
	rootObject = 5C7A8ECD1D30F0B200A82719 /* Project object */;
}
